
Microsoft Visual Studio Solution File, Format Version 12.00
# Visual Studio Version 17
VisualStudioVersion = 17.7.34202.233
MinimumVisualStudioVersion = 10.0.40219.1
Project("{9A19103F-16F7-4668-BE54-9A1E7A4F7556}") = "AlpakaFrontend2", "AlpakaFrontend2\AlpakaFrontend2.csproj", "{D5B07853-84AA-41F4-B468-ABB27855BBBE}"
EndProject
Project("{9A19103F-16F7-4668-BE54-9A1E7A4F7556}") = "RestAlpaka", "RestAlpaka\RestAlpaka.csproj", "{5FA27C21-A146-4746-8597-29C403EB51F8}"
EndProject
Project("{9A19103F-16F7-4668-BE54-9A1E7A4F7556}") = "RestAlpakaMongo", "RestAlpakaMongo\RestAlpakaMongo.csproj", "{E119BB4F-BE18-4C0D-B697-C57A336F8E39}"
EndProject
Project("{FAE04EC0-301F-11D3-BF4B-00C04F79EFBC}") = "RestNeo4j", "..\app-dotnet\RestNeo4j\RestNeo4j.csproj", "{9B1EFE96-BACB-4376-8A04-DE1E5975FBA3}"
EndProject
Project("{FAE04EC0-301F-11D3-BF4B-00C04F79EFBC}") = "UserManagement", "UserManagement\UserManagement.csproj", "{10B24FA8-15E0-4D4B-8E68-6CAE9D24092D}"
EndProject
Global
	GlobalSection(SolutionConfigurationPlatforms) = preSolution
		Debug|Any CPU = Debug|Any CPU
		Release|Any CPU = Release|Any CPU
	EndGlobalSection
	GlobalSection(ProjectConfigurationPlatforms) = postSolution
		{D5B07853-84AA-41F4-B468-ABB27855BBBE}.Debug|Any CPU.ActiveCfg = Debug|Any CPU
		{D5B07853-84AA-41F4-B468-ABB27855BBBE}.Debug|Any CPU.Build.0 = Debug|Any CPU
		{D5B07853-84AA-41F4-B468-ABB27855BBBE}.Release|Any CPU.ActiveCfg = Release|Any CPU
		{D5B07853-84AA-41F4-B468-ABB27855BBBE}.Release|Any CPU.Build.0 = Release|Any CPU
		{5FA27C21-A146-4746-8597-29C403EB51F8}.Debug|Any CPU.ActiveCfg = Debug|Any CPU
		{5FA27C21-A146-4746-8597-29C403EB51F8}.Debug|Any CPU.Build.0 = Debug|Any CPU
		{5FA27C21-A146-4746-8597-29C403EB51F8}.Release|Any CPU.ActiveCfg = Release|Any CPU
		{5FA27C21-A146-4746-8597-29C403EB51F8}.Release|Any CPU.Build.0 = Release|Any CPU
		{E119BB4F-BE18-4C0D-B697-C57A336F8E39}.Debug|Any CPU.ActiveCfg = Debug|Any CPU
		{E119BB4F-BE18-4C0D-B697-C57A336F8E39}.Debug|Any CPU.Build.0 = Debug|Any CPU
		{E119BB4F-BE18-4C0D-B697-C57A336F8E39}.Release|Any CPU.ActiveCfg = Release|Any CPU
		{E119BB4F-BE18-4C0D-B697-C57A336F8E39}.Release|Any CPU.Build.0 = Release|Any CPU
		{9B1EFE96-BACB-4376-8A04-DE1E5975FBA3}.Debug|Any CPU.ActiveCfg = Debug|Any CPU
		{9B1EFE96-BACB-4376-8A04-DE1E5975FBA3}.Debug|Any CPU.Build.0 = Debug|Any CPU
		{9B1EFE96-BACB-4376-8A04-DE1E5975FBA3}.Release|Any CPU.ActiveCfg = Release|Any CPU
		{9B1EFE96-BACB-4376-8A04-DE1E5975FBA3}.Release|Any CPU.Build.0 = Release|Any CPU
		{10B24FA8-15E0-4D4B-8E68-6CAE9D24092D}.Debug|Any CPU.ActiveCfg = Debug|Any CPU
		{10B24FA8-15E0-4D4B-8E68-6CAE9D24092D}.Debug|Any CPU.Build.0 = Debug|Any CPU
		{10B24FA8-15E0-4D4B-8E68-6CAE9D24092D}.Release|Any CPU.ActiveCfg = Release|Any CPU
		{10B24FA8-15E0-4D4B-8E68-6CAE9D24092D}.Release|Any CPU.Build.0 = Release|Any CPU
	EndGlobalSection
	GlobalSection(SolutionProperties) = preSolution
		HideSolutionNode = FALSE
	EndGlobalSection
	GlobalSection(ExtensibilityGlobals) = postSolution
		SolutionGuid = {FA95D347-2A3E-4D69-9655-A404F2F1FFFF}
	EndGlobalSection
EndGlobal
